
Microsoft Visual Studio Solution File, Format Version 12.00
# Visual Studio Version 17
VisualStudioVersion = 17.0.31903.59
MinimumVisualStudioVersion = 10.0.40219.1
Project("{2150E333-8FDC-42A3-9474-1A3956D46DE8}") = "Services", "Services", "{910957D9-80AD-4232-9159-62428D347420}"
EndProject
Project("{2150E333-8FDC-42A3-9474-1A3956D46DE8}") = "NotificationService", "NotificationService", "{1F120533-A101-40D3-A857-364C9773CD4D}"
EndProject
Project("{FAE04EC0-301F-11D3-BF4B-00C04F79EFBC}") = "Notification", "Services\NotificationService\Notification\Notification.csproj", "{B297BFFD-43B1-4146-8A82-880C8342FA3E}"
EndProject
Project("{FAE04EC0-301F-11D3-BF4B-00C04F79EFBC}") = "NotificationApplication", "Services\NotificationService\NotificationApplication\NotificationApplication.csproj", "{B5FBD52D-C37E-44D7-BDFD-360AF8A350EF}"
EndProject
Project("{FAE04EC0-301F-11D3-BF4B-00C04F79EFBC}") = "NotificationInfrastructure", "Services\NotificationService\NotificationInfrastructure\NotificationInfrastructure.csproj", "{CC8F4DD1-DB07-40AB-B8B0-6A7DA2A7FFAC}"
EndProject
Global
	GlobalSection(SolutionConfigurationPlatforms) = preSolution
		Debug|Any CPU = Debug|Any CPU
		Release|Any CPU = Release|Any CPU
	EndGlobalSection
	GlobalSection(SolutionProperties) = preSolution
		HideSolutionNode = FALSE
	EndGlobalSection
	GlobalSection(ProjectConfigurationPlatforms) = postSolution
		{B297BFFD-43B1-4146-8A82-880C8342FA3E}.Debug|Any CPU.ActiveCfg = Debug|Any CPU
		{B297BFFD-43B1-4146-8A82-880C8342FA3E}.Debug|Any CPU.Build.0 = Debug|Any CPU
		{B297BFFD-43B1-4146-8A82-880C8342FA3E}.Release|Any CPU.ActiveCfg = Release|Any CPU
		{B297BFFD-43B1-4146-8A82-880C8342FA3E}.Release|Any CPU.Build.0 = Release|Any CPU
		{B5FBD52D-C37E-44D7-BDFD-360AF8A350EF}.Debug|Any CPU.ActiveCfg = Debug|Any CPU
		{B5FBD52D-C37E-44D7-BDFD-360AF8A350EF}.Debug|Any CPU.Build.0 = Debug|Any CPU
		{B5FBD52D-C37E-44D7-BDFD-360AF8A350EF}.Release|Any CPU.ActiveCfg = Release|Any CPU
		{B5FBD52D-C37E-44D7-BDFD-360AF8A350EF}.Release|Any CPU.Build.0 = Release|Any CPU
		{CC8F4DD1-DB07-40AB-B8B0-6A7DA2A7FFAC}.Debug|Any CPU.ActiveCfg = Debug|Any CPU
		{CC8F4DD1-DB07-40AB-B8B0-6A7DA2A7FFAC}.Debug|Any CPU.Build.0 = Debug|Any CPU
		{CC8F4DD1-DB07-40AB-B8B0-6A7DA2A7FFAC}.Release|Any CPU.ActiveCfg = Release|Any CPU
		{CC8F4DD1-DB07-40AB-B8B0-6A7DA2A7FFAC}.Release|Any CPU.Build.0 = Release|Any CPU
	EndGlobalSection
	GlobalSection(NestedProjects) = preSolution
		{1F120533-A101-40D3-A857-364C9773CD4D} = {910957D9-80AD-4232-9159-62428D347420}
		{B297BFFD-43B1-4146-8A82-880C8342FA3E} = {1F120533-A101-40D3-A857-364C9773CD4D}
		{B5FBD52D-C37E-44D7-BDFD-360AF8A350EF} = {1F120533-A101-40D3-A857-364C9773CD4D}
		{CC8F4DD1-DB07-40AB-B8B0-6A7DA2A7FFAC} = {1F120533-A101-40D3-A857-364C9773CD4D}
	EndGlobalSection
EndGlobal
